// !$*UTF8*$!
{
	archiveVersion = 1;
	classes = {
	};
	objectVersion = 46;
	objects = {

/* Begin PBXBuildFile section */
		CD214E9D1BD7DE8A00DC7B72 /* player1.png in Resources */ = {isa = PBXBuildFile; fileRef = CD214E9B1BD7DE8A00DC7B72 /* player1.png */; };
		CD214E9E1BD7DE8A00DC7B72 /* player2.png in Resources */ = {isa = PBXBuildFile; fileRef = CD214E9C1BD7DE8A00DC7B72 /* player2.png */; };
		CD3D4D181BD89AB100E03FD6 /* bomb.png in Resources */ = {isa = PBXBuildFile; fileRef = CD3D4D171BD89AB100E03FD6 /* bomb.png */; };
		CD3D4D1A1BD8A5BA00E03FD6 /* enemy.png in Resources */ = {isa = PBXBuildFile; fileRef = CD3D4D191BD8A5BA00E03FD6 /* enemy.png */; };
		CDB543261BD77BE0001D6755 /* main.m in Sources */ = {isa = PBXBuildFile; fileRef = CDB543251BD77BE0001D6755 /* main.m */; };
		CDB543291BD77BE0001D6755 /* AppDelegate.m in Sources */ = {isa = PBXBuildFile; fileRef = CDB543281BD77BE0001D6755 /* AppDelegate.m */; };
		CDB5432C1BD77BE0001D6755 /* ViewController.m in Sources */ = {isa = PBXBuildFile; fileRef = CDB5432B1BD77BE0001D6755 /* ViewController.m */; };
		CDB5432F1BD77BE0001D6755 /* Main.storyboard in Resources */ = {isa = PBXBuildFile; fileRef = CDB5432D1BD77BE0001D6755 /* Main.storyboard */; };
		CDB543311BD77BE0001D6755 /* Images.xcassets in Resources */ = {isa = PBXBuildFile; fileRef = CDB543301BD77BE0001D6755 /* Images.xcassets */; };
		CDB543341BD77BE0001D6755 /* LaunchScreen.xib in Resources */ = {isa = PBXBuildFile; fileRef = CDB543321BD77BE0001D6755 /* LaunchScreen.xib */; };
		CDB543401BD77BE0001D6755 /* SkyHunterTests.m in Sources */ = {isa = PBXBuildFile; fileRef = CDB5433F1BD77BE0001D6755 /* SkyHunterTests.m */; };
		CDB543581BD77C19001D6755 /* PSHBomb.m in Sources */ = {isa = PBXBuildFile; fileRef = CDB5434B1BD77C19001D6755 /* PSHBomb.m */; };
		CDB543591BD77C19001D6755 /* PSHEnemy.m in Sources */ = {isa = PBXBuildFile; fileRef = CDB5434D1BD77C19001D6755 /* PSHEnemy.m */; };
		CDB5435A1BD77C19001D6755 /* PSHFlyer.m in Sources */ = {isa = PBXBuildFile; fileRef = CDB5434F1BD77C19001D6755 /* PSHFlyer.m */; };
		CDB5435B1BD77C19001D6755 /* PSHPlane.m in Sources */ = {isa = PBXBuildFile; fileRef = CDB543511BD77C19001D6755 /* PSHPlane.m */; };
		CDB5435C1BD77C19001D6755 /* PSHPlayer.m in Sources */ = {isa = PBXBuildFile; fileRef = CDB543531BD77C19001D6755 /* PSHPlayer.m */; };
		CDB5435D1BD77C19001D6755 /* PSHSky.m in Sources */ = {isa = PBXBuildFile; fileRef = CDB543551BD77C19001D6755 /* PSHSky.m */; };
		CDB5435E1BD77C19001D6755 /* PSHWeapon.m in Sources */ = {isa = PBXBuildFile; fileRef = CDB543571BD77C19001D6755 /* PSHWeapon.m */; };
		CDE4AA221BD8E30000E89E44 /* boom_enemy1.png in Resources */ = {isa = PBXBuildFile; fileRef = CDE4AA1F1BD8E30000E89E44 /* boom_enemy1.png */; };
		CDE4AA231BD8E30000E89E44 /* boom_enemy2.png in Resources */ = {isa = PBXBuildFile; fileRef = CDE4AA201BD8E30000E89E44 /* boom_enemy2.png */; };
		CDE4AA241BD8E30000E89E44 /* boom_enemy3.png in Resources */ = {isa = PBXBuildFile; fileRef = CDE4AA211BD8E30000E89E44 /* boom_enemy3.png */; };
		CDE4AA2A1BD9014B00E89E44 /* icon.png in Resources */ = {isa = PBXBuildFile; fileRef = CDE4AA291BD9014B00E89E44 /* icon.png */; };
		CDFCDFA91BD7BBB700B83C4F /* back.png in Resources */ = {isa = PBXBuildFile; fileRef = CDFCDFA41BD7BBB700B83C4F /* back.png */; };
		CDFCDFAA1BD7BBB700B83C4F /* common_bg.png in Resources */ = {isa = PBXBuildFile; fileRef = CDFCDFA51BD7BBB700B83C4F /* common_bg.png */; };
		CDFCDFAB1BD7BBB700B83C4F /* pause.png in Resources */ = {isa = PBXBuildFile; fileRef = CDFCDFA61BD7BBB700B83C4F /* pause.png */; };
		CDFCDFAC1BD7BBB700B83C4F /* play.png in Resources */ = {isa = PBXBuildFile; fileRef = CDFCDFA71BD7BBB700B83C4F /* play.png */; };
		CDFCDFAD1BD7BBB700B83C4F /* sky.png in Resources */ = {isa = PBXBuildFile; fileRef = CDFCDFA81BD7BBB700B83C4F /* sky.png */; };
		CDFCDFB01BD7BF0800B83C4F /* PSHGameMachine.m in Sources */ = {isa = PBXBuildFile; fileRef = CDFCDFAF1BD7BF0800B83C4F /* PSHGameMachine.m */; };
/* End PBXBuildFile section */

/* Begin PBXContainerItemProxy section */
		CDB5433A1BD77BE0001D6755 /* PBXContainerItemProxy */ = {
			isa = PBXContainerItemProxy;
			containerPortal = CDB543181BD77BE0001D6755 /* Project object */;
			proxyType = 1;
			remoteGlobalIDString = CDB5431F1BD77BE0001D6755;
			remoteInfo = SkyHunter;
		};
/* End PBXContainerItemProxy section */

/* Begin PBXFileReference section */
		CD214E9B1BD7DE8A00DC7B72 /* player1.png */ = {isa = PBXFileReference; lastKnownFileType = image.png; path = player1.png; sourceTree = "<group>"; };
		CD214E9C1BD7DE8A00DC7B72 /* player2.png */ = {isa = PBXFileReference; lastKnownFileType = image.png; path = player2.png; sourceTree = "<group>"; };
		CD3D4D171BD89AB100E03FD6 /* bomb.png */ = {isa = PBXFileReference; lastKnownFileType = image.png; path = bomb.png; sourceTree = "<group>"; };
		CD3D4D191BD8A5BA00E03FD6 /* enemy.png */ = {isa = PBXFileReference; lastKnownFileType = image.png; path = enemy.png; sourceTree = "<group>"; };
		CDB543201BD77BE0001D6755 /* SkyHunter.app */ = {isa = PBXFileReference; explicitFileType = wrapper.application; includeInIndex = 0; path = SkyHunter.app; sourceTree = BUILT_PRODUCTS_DIR; };
		CDB543241BD77BE0001D6755 /* Info.plist */ = {isa = PBXFileReference; lastKnownFileType = text.plist.xml; path = Info.plist; sourceTree = "<group>"; };
		CDB543251BD77BE0001D6755 /* main.m */ = {isa = PBXFileReference; lastKnownFileType = sourcecode.c.objc; path = main.m; sourceTree = "<group>"; };
		CDB543271BD77BE0001D6755 /* AppDelegate.h */ = {isa = PBXFileReference; lastKnownFileType = sourcecode.c.h; path = AppDelegate.h; sourceTree = "<group>"; };
		CDB543281BD77BE0001D6755 /* AppDelegate.m */ = {isa = PBXFileReference; lastKnownFileType = sourcecode.c.objc; path = AppDelegate.m; sourceTree = "<group>"; };
		CDB5432A1BD77BE0001D6755 /* ViewController.h */ = {isa = PBXFileReference; lastKnownFileType = sourcecode.c.h; path = ViewController.h; sourceTree = "<group>"; };
		CDB5432B1BD77BE0001D6755 /* ViewController.m */ = {isa = PBXFileReference; lastKnownFileType = sourcecode.c.objc; path = ViewController.m; sourceTree = "<group>"; };
		CDB5432E1BD77BE0001D6755 /* Base */ = {isa = PBXFileReference; lastKnownFileType = file.storyboard; name = Base; path = Base.lproj/Main.storyboard; sourceTree = "<group>"; };
		CDB543301BD77BE0001D6755 /* Images.xcassets */ = {isa = PBXFileReference; lastKnownFileType = folder.assetcatalog; path = Images.xcassets; sourceTree = "<group>"; };
		CDB543331BD77BE0001D6755 /* Base */ = {isa = PBXFileReference; lastKnownFileType = file.xib; name = Base; path = Base.lproj/LaunchScreen.xib; sourceTree = "<group>"; };
		CDB543391BD77BE0001D6755 /* SkyHunterTests.xctest */ = {isa = PBXFileReference; explicitFileType = wrapper.cfbundle; includeInIndex = 0; path = SkyHunterTests.xctest; sourceTree = BUILT_PRODUCTS_DIR; };
		CDB5433E1BD77BE0001D6755 /* Info.plist */ = {isa = PBXFileReference; lastKnownFileType = text.plist.xml; path = Info.plist; sourceTree = "<group>"; };
		CDB5433F1BD77BE0001D6755 /* SkyHunterTests.m */ = {isa = PBXFileReference; lastKnownFileType = sourcecode.c.objc; path = SkyHunterTests.m; sourceTree = "<group>"; };
		CDB5434A1BD77C19001D6755 /* PSHBomb.h */ = {isa = PBXFileReference; fileEncoding = 4; lastKnownFileType = sourcecode.c.h; path = PSHBomb.h; sourceTree = "<group>"; };
		CDB5434B1BD77C19001D6755 /* PSHBomb.m */ = {isa = PBXFileReference; fileEncoding = 4; lastKnownFileType = sourcecode.c.objc; path = PSHBomb.m; sourceTree = "<group>"; };
		CDB5434C1BD77C19001D6755 /* PSHEnemy.h */ = {isa = PBXFileReference; fileEncoding = 4; lastKnownFileType = sourcecode.c.h; path = PSHEnemy.h; sourceTree = "<group>"; };
		CDB5434D1BD77C19001D6755 /* PSHEnemy.m */ = {isa = PBXFileReference; fileEncoding = 4; lastKnownFileType = sourcecode.c.objc; path = PSHEnemy.m; sourceTree = "<group>"; };
		CDB5434E1BD77C19001D6755 /* PSHFlyer.h */ = {isa = PBXFileReference; fileEncoding = 4; lastKnownFileType = sourcecode.c.h; path = PSHFlyer.h; sourceTree = "<group>"; };
		CDB5434F1BD77C19001D6755 /* PSHFlyer.m */ = {isa = PBXFileReference; fileEncoding = 4; lastKnownFileType = sourcecode.c.objc; path = PSHFlyer.m; sourceTree = "<group>"; };
		CDB543501BD77C19001D6755 /* PSHPlane.h */ = {isa = PBXFileReference; fileEncoding = 4; lastKnownFileType = sourcecode.c.h; path = PSHPlane.h; sourceTree = "<group>"; };
		CDB543511BD77C19001D6755 /* PSHPlane.m */ = {isa = PBXFileReference; fileEncoding = 4; lastKnownFileType = sourcecode.c.objc; path = PSHPlane.m; sourceTree = "<group>"; };
		CDB543521BD77C19001D6755 /* PSHPlayer.h */ = {isa = PBXFileReference; fileEncoding = 4; lastKnownFileType = sourcecode.c.h; path = PSHPlayer.h; sourceTree = "<group>"; };
		CDB543531BD77C19001D6755 /* PSHPlayer.m */ = {isa = PBXFileReference; fileEncoding = 4; lastKnownFileType = sourcecode.c.objc; path = PSHPlayer.m; sourceTree = "<group>"; };
		CDB543541BD77C19001D6755 /* PSHSky.h */ = {isa = PBXFileReference; fileEncoding = 4; lastKnownFileType = sourcecode.c.h; path = PSHSky.h; sourceTree = "<group>"; };
		CDB543551BD77C19001D6755 /* PSHSky.m */ = {isa = PBXFileReference; fileEncoding = 4; lastKnownFileType = sourcecode.c.objc; path = PSHSky.m; sourceTree = "<group>"; };
		CDB543561BD77C19001D6755 /* PSHWeapon.h */ = {isa = PBXFileReference; fileEncoding = 4; lastKnownFileType = sourcecode.c.h; path = PSHWeapon.h; sourceTree = "<group>"; };
		CDB543571BD77C19001D6755 /* PSHWeapon.m */ = {isa = PBXFileReference; fileEncoding = 4; lastKnownFileType = sourcecode.c.objc; path = PSHWeapon.m; sourceTree = "<group>"; };
		CDE4AA1F1BD8E30000E89E44 /* boom_enemy1.png */ = {isa = PBXFileReference; lastKnownFileType = image.png; path = boom_enemy1.png; sourceTree = "<group>"; };
		CDE4AA201BD8E30000E89E44 /* boom_enemy2.png */ = {isa = PBXFileReference; lastKnownFileType = image.png; path = boom_enemy2.png; sourceTree = "<group>"; };
		CDE4AA211BD8E30000E89E44 /* boom_enemy3.png */ = {isa = PBXFileReference; lastKnownFileType = image.png; path = boom_enemy3.png; sourceTree = "<group>"; };
		CDE4AA291BD9014B00E89E44 /* icon.png */ = {isa = PBXFileReference; lastKnownFileType = image.png; path = icon.png; sourceTree = "<group>"; };
		CDFCDFA41BD7BBB700B83C4F /* back.png */ = {isa = PBXFileReference; lastKnownFileType = image.png; path = back.png; sourceTree = "<group>"; };
		CDFCDFA51BD7BBB700B83C4F /* common_bg.png */ = {isa = PBXFileReference; lastKnownFileType = image.png; path = common_bg.png; sourceTree = "<group>"; };
		CDFCDFA61BD7BBB700B83C4F /* pause.png */ = {isa = PBXFileReference; lastKnownFileType = image.png; path = pause.png; sourceTree = "<group>"; };
		CDFCDFA71BD7BBB700B83C4F /* play.png */ = {isa = PBXFileReference; lastKnownFileType = image.png; path = play.png; sourceTree = "<group>"; };
		CDFCDFA81BD7BBB700B83C4F /* sky.png */ = {isa = PBXFileReference; lastKnownFileType = image.png; path = sky.png; sourceTree = "<group>"; };
		CDFCDFAE1BD7BF0800B83C4F /* PSHGameMachine.h */ = {isa = PBXFileReference; fileEncoding = 4; lastKnownFileType = sourcecode.c.h; path = PSHGameMachine.h; sourceTree = "<group>"; };
		CDFCDFAF1BD7BF0800B83C4F /* PSHGameMachine.m */ = {isa = PBXFileReference; fileEncoding = 4; lastKnownFileType = sourcecode.c.objc; path = PSHGameMachine.m; sourceTree = "<group>"; };
/* End PBXFileReference section */

/* Begin PBXFrameworksBuildPhase section */
		CDB5431D1BD77BE0001D6755 /* Frameworks */ = {
			isa = PBXFrameworksBuildPhase;
			buildActionMask = 2147483647;
			files = (
			);
			runOnlyForDeploymentPostprocessing = 0;
		};
		CDB543361BD77BE0001D6755 /* Frameworks */ = {
			isa = PBXFrameworksBuildPhase;
			buildActionMask = 2147483647;
			files = (
			);
			runOnlyForDeploymentPostprocessing = 0;
		};
/* End PBXFrameworksBuildPhase section */

/* Begin PBXGroup section */
		CDB543171BD77BE0001D6755 = {
			isa = PBXGroup;
			children = (
				CDB543221BD77BE0001D6755 /* SkyHunter */,
				CDB5433C1BD77BE0001D6755 /* SkyHunterTests */,
				CDB543211BD77BE0001D6755 /* Products */,
			);
			sourceTree = "<group>";
		};
		CDB543211BD77BE0001D6755 /* Products */ = {
			isa = PBXGroup;
			children = (
				CDB543201BD77BE0001D6755 /* SkyHunter.app */,
				CDB543391BD77BE0001D6755 /* SkyHunterTests.xctest */,
			);
			name = Products;
			sourceTree = "<group>";
		};
		CDB543221BD77BE0001D6755 /* SkyHunter */ = {
			isa = PBXGroup;
			children = (
				CDE4AA291BD9014B00E89E44 /* icon.png */,
				CDB543271BD77BE0001D6755 /* AppDelegate.h */,
				CDB543281BD77BE0001D6755 /* AppDelegate.m */,
				CDFCDFA31BD7BBB700B83C4F /* images */,
				CDB543301BD77BE0001D6755 /* Images.xcassets */,
				CDB543321BD77BE0001D6755 /* LaunchScreen.xib */,
				CDB5432D1BD77BE0001D6755 /* Main.storyboard */,
				CDB543491BD77C19001D6755 /* objects */,
				CDFCDFAE1BD7BF0800B83C4F /* PSHGameMachine.h */,
				CDFCDFAF1BD7BF0800B83C4F /* PSHGameMachine.m */,
				CDB543231BD77BE0001D6755 /* Supporting Files */,
				CDB5432A1BD77BE0001D6755 /* ViewController.h */,
				CDB5432B1BD77BE0001D6755 /* ViewController.m */,
			);
			path = SkyHunter;
			sourceTree = "<group>";
		};
		CDB543231BD77BE0001D6755 /* Supporting Files */ = {
			isa = PBXGroup;
			children = (
				CDB543241BD77BE0001D6755 /* Info.plist */,
				CDB543251BD77BE0001D6755 /* main.m */,
			);
			name = "Supporting Files";
			sourceTree = "<group>";
		};
		CDB5433C1BD77BE0001D6755 /* SkyHunterTests */ = {
			isa = PBXGroup;
			children = (
				CDB5433F1BD77BE0001D6755 /* SkyHunterTests.m */,
				CDB5433D1BD77BE0001D6755 /* Supporting Files */,
			);
			path = SkyHunterTests;
			sourceTree = "<group>";
		};
		CDB5433D1BD77BE0001D6755 /* Supporting Files */ = {
			isa = PBXGroup;
			children = (
				CDB5433E1BD77BE0001D6755 /* Info.plist */,
			);
			name = "Supporting Files";
			sourceTree = "<group>";
		};
		CDB543491BD77C19001D6755 /* objects */ = {
			isa = PBXGroup;
			children = (
				CDB5434A1BD77C19001D6755 /* PSHBomb.h */,
				CDB5434B1BD77C19001D6755 /* PSHBomb.m */,
				CDB5434C1BD77C19001D6755 /* PSHEnemy.h */,
				CDB5434D1BD77C19001D6755 /* PSHEnemy.m */,
				CDB5434E1BD77C19001D6755 /* PSHFlyer.h */,
				CDB5434F1BD77C19001D6755 /* PSHFlyer.m */,
				CDB543501BD77C19001D6755 /* PSHPlane.h */,
				CDB543511BD77C19001D6755 /* PSHPlane.m */,
				CDB543521BD77C19001D6755 /* PSHPlayer.h */,
				CDB543531BD77C19001D6755 /* PSHPlayer.m */,
				CDB543541BD77C19001D6755 /* PSHSky.h */,
				CDB543551BD77C19001D6755 /* PSHSky.m */,
				CDB543561BD77C19001D6755 /* PSHWeapon.h */,
				CDB543571BD77C19001D6755 /* PSHWeapon.m */,
			);
			path = objects;
			sourceTree = "<group>";
		};
		CDFCDFA31BD7BBB700B83C4F /* images */ = {
			isa = PBXGroup;
			children = (
				CDE4AA1F1BD8E30000E89E44 /* boom_enemy1.png */,
				CDE4AA201BD8E30000E89E44 /* boom_enemy2.png */,
				CDE4AA211BD8E30000E89E44 /* boom_enemy3.png */,
				CD3D4D191BD8A5BA00E03FD6 /* enemy.png */,
				CD3D4D171BD89AB100E03FD6 /* bomb.png */,
				CD214E9B1BD7DE8A00DC7B72 /* player1.png */,
				CD214E9C1BD7DE8A00DC7B72 /* player2.png */,
				CDFCDFA41BD7BBB700B83C4F /* back.png */,
				CDFCDFA51BD7BBB700B83C4F /* common_bg.png */,
				CDFCDFA61BD7BBB700B83C4F /* pause.png */,
				CDFCDFA71BD7BBB700B83C4F /* play.png */,
				CDFCDFA81BD7BBB700B83C4F /* sky.png */,
			);
			path = images;
			sourceTree = "<group>";
		};
/* End PBXGroup section */

/* Begin PBXNativeTarget section */
		CDB5431F1BD77BE0001D6755 /* SkyHunter */ = {
			isa = PBXNativeTarget;
			buildConfigurationList = CDB543431BD77BE0001D6755 /* Build configuration list for PBXNativeTarget "SkyHunter" */;
			buildPhases = (
				CDB5431C1BD77BE0001D6755 /* Sources */,
				CDB5431D1BD77BE0001D6755 /* Frameworks */,
				CDB5431E1BD77BE0001D6755 /* Resources */,
			);
			buildRules = (
			);
			dependencies = (
			);
			name = SkyHunter;
			productName = SkyHunter;
			productReference = CDB543201BD77BE0001D6755 /* SkyHunter.app */;
			productType = "com.apple.product-type.application";
		};
		CDB543381BD77BE0001D6755 /* SkyHunterTests */ = {
			isa = PBXNativeTarget;
			buildConfigurationList = CDB543461BD77BE0001D6755 /* Build configuration list for PBXNativeTarget "SkyHunterTests" */;
			buildPhases = (
				CDB543351BD77BE0001D6755 /* Sources */,
				CDB543361BD77BE0001D6755 /* Frameworks */,
				CDB543371BD77BE0001D6755 /* Resources */,
			);
			buildRules = (
			);
			dependencies = (
				CDB5433B1BD77BE0001D6755 /* PBXTargetDependency */,
			);
			name = SkyHunterTests;
			productName = SkyHunterTests;
			productReference = CDB543391BD77BE0001D6755 /* SkyHunterTests.xctest */;
			productType = "com.apple.product-type.bundle.unit-test";
		};
/* End PBXNativeTarget section */

/* Begin PBXProject section */
		CDB543181BD77BE0001D6755 /* Project object */ = {
			isa = PBXProject;
			attributes = {
				CLASSPREFIX = PSH;
				LastUpgradeCheck = 0610;
				ORGANIZATIONNAME = "Peng Wan";
				TargetAttributes = {
					CDB5431F1BD77BE0001D6755 = {
						CreatedOnToolsVersion = 6.1.1;
					};
					CDB543381BD77BE0001D6755 = {
						CreatedOnToolsVersion = 6.1.1;
						TestTargetID = CDB5431F1BD77BE0001D6755;
					};
				};
			};
			buildConfigurationList = CDB5431B1BD77BE0001D6755 /* Build configuration list for PBXProject "SkyHunter" */;
			compatibilityVersion = "Xcode 3.2";
			developmentRegion = English;
			hasScannedForEncodings = 0;
			knownRegions = (
				en,
				Base,
			);
			mainGroup = CDB543171BD77BE0001D6755;
			productRefGroup = CDB543211BD77BE0001D6755 /* Products */;
			projectDirPath = "";
			projectRoot = "";
			targets = (
				CDB5431F1BD77BE0001D6755 /* SkyHunter */,
				CDB543381BD77BE0001D6755 /* SkyHunterTests */,
			);
		};
/* End PBXProject section */

/* Begin PBXResourcesBuildPhase section */
		CDB5431E1BD77BE0001D6755 /* Resources */ = {
			isa = PBXResourcesBuildPhase;
			buildActionMask = 2147483647;
			files = (
				CDFCDFAC1BD7BBB700B83C4F /* play.png in Resources */,
				CDE4AA221BD8E30000E89E44 /* boom_enemy1.png in Resources */,
				CDFCDFAD1BD7BBB700B83C4F /* sky.png in Resources */,
				CD3D4D1A1BD8A5BA00E03FD6 /* enemy.png in Resources */,
				CDE4AA2A1BD9014B00E89E44 /* icon.png in Resources */,
				CDFCDFA91BD7BBB700B83C4F /* back.png in Resources */,
				CD214E9D1BD7DE8A00DC7B72 /* player1.png in Resources */,
				CDB5432F1BD77BE0001D6755 /* Main.storyboard in Resources */,
				CDFCDFAB1BD7BBB700B83C4F /* pause.png in Resources */,
				CDB543341BD77BE0001D6755 /* LaunchScreen.xib in Resources */,
				CD214E9E1BD7DE8A00DC7B72 /* player2.png in Resources */,
				CDE4AA231BD8E30000E89E44 /* boom_enemy2.png in Resources */,
				CDFCDFAA1BD7BBB700B83C4F /* common_bg.png in Resources */,
				CDB543311BD77BE0001D6755 /* Images.xcassets in Resources */,
				CD3D4D181BD89AB100E03FD6 /* bomb.png in Resources */,
				CDE4AA241BD8E30000E89E44 /* boom_enemy3.png in Resources */,
			);
			runOnlyForDeploymentPostprocessing = 0;
		};
		CDB543371BD77BE0001D6755 /* Resources */ = {
			isa = PBXResourcesBuildPhase;
			buildActionMask = 2147483647;
			files = (
			);
			runOnlyForDeploymentPostprocessing = 0;
		};
/* End PBXResourcesBuildPhase section */

/* Begin PBXSourcesBuildPhase section */
		CDB5431C1BD77BE0001D6755 /* Sources */ = {
			isa = PBXSourcesBuildPhase;
			buildActionMask = 2147483647;
			files = (
				CDB5435C1BD77C19001D6755 /* PSHPlayer.m in Sources */,
				CDB5435A1BD77C19001D6755 /* PSHFlyer.m in Sources */,
				CDB5432C1BD77BE0001D6755 /* ViewController.m in Sources */,
				CDB543581BD77C19001D6755 /* PSHBomb.m in Sources */,
				CDB543291BD77BE0001D6755 /* AppDelegate.m in Sources */,
				CDB5435B1BD77C19001D6755 /* PSHPlane.m in Sources */,
				CDB5435D1BD77C19001D6755 /* PSHSky.m in Sources */,
				CDFCDFB01BD7BF0800B83C4F /* PSHGameMachine.m in Sources */,
				CDB5435E1BD77C19001D6755 /* PSHWeapon.m in Sources */,
				CDB543591BD77C19001D6755 /* PSHEnemy.m in Sources */,
				CDB543261BD77BE0001D6755 /* main.m in Sources */,
			);
			runOnlyForDeploymentPostprocessing = 0;
		};
		CDB543351BD77BE0001D6755 /* Sources */ = {
			isa = PBXSourcesBuildPhase;
			buildActionMask = 2147483647;
			files = (
				CDB543401BD77BE0001D6755 /* SkyHunterTests.m in Sources */,
			);
			runOnlyForDeploymentPostprocessing = 0;
		};
/* End PBXSourcesBuildPhase section */

/* Begin PBXTargetDependency section */
		CDB5433B1BD77BE0001D6755 /* PBXTargetDependency */ = {
			isa = PBXTargetDependency;
			target = CDB5431F1BD77BE0001D6755 /* SkyHunter */;
			targetProxy = CDB5433A1BD77BE0001D6755 /* PBXContainerItemProxy */;
		};
/* End PBXTargetDependency section */

/* Begin PBXVariantGroup section */
		CDB5432D1BD77BE0001D6755 /* Main.storyboard */ = {
			isa = PBXVariantGroup;
			children = (
				CDB5432E1BD77BE0001D6755 /* Base */,
			);
			name = Main.storyboard;
			sourceTree = "<group>";
		};
		CDB543321BD77BE0001D6755 /* LaunchScreen.xib */ = {
			isa = PBXVariantGroup;
			children = (
				CDB543331BD77BE0001D6755 /* Base */,
			);
			name = LaunchScreen.xib;
			sourceTree = "<group>";
		};
/* End PBXVariantGroup section */

/* Begin XCBuildConfiguration section */
		CDB543411BD77BE0001D6755 /* Debug */ = {
			isa = XCBuildConfiguration;
			buildSettings = {
				ALWAYS_SEARCH_USER_PATHS = NO;
				CLANG_CXX_LANGUAGE_STANDARD = "gnu++0x";
				CLANG_CXX_LIBRARY = "libc++";
				CLANG_ENABLE_MODULES = YES;
				CLANG_ENABLE_OBJC_ARC = YES;
				CLANG_WARN_BOOL_CONVERSION = YES;
				CLANG_WARN_CONSTANT_CONVERSION = YES;
				CLANG_WARN_DIRECT_OBJC_ISA_USAGE = YES_ERROR;
				CLANG_WARN_EMPTY_BODY = YES;
				CLANG_WARN_ENUM_CONVERSION = YES;
				CLANG_WARN_INT_CONVERSION = YES;
				CLANG_WARN_OBJC_ROOT_CLASS = YES_ERROR;
				CLANG_WARN_UNREACHABLE_CODE = YES;
				CLANG_WARN__DUPLICATE_METHOD_MATCH = YES;
				"CODE_SIGN_IDENTITY[sdk=iphoneos*]" = "iPhone Developer";
				COPY_PHASE_STRIP = NO;
				ENABLE_STRICT_OBJC_MSGSEND = YES;
				GCC_C_LANGUAGE_STANDARD = gnu99;
				GCC_DYNAMIC_NO_PIC = NO;
				GCC_OPTIMIZATION_LEVEL = 0;
				GCC_PREPROCESSOR_DEFINITIONS = (
					"DEBUG=1",
					"$(inherited)",
				);
				GCC_SYMBOLS_PRIVATE_EXTERN = NO;
				GCC_WARN_64_TO_32_BIT_CONVERSION = YES;
				GCC_WARN_ABOUT_RETURN_TYPE = YES_ERROR;
				GCC_WARN_UNDECLARED_SELECTOR = YES;
				GCC_WARN_UNINITIALIZED_AUTOS = YES_AGGRESSIVE;
				GCC_WARN_UNUSED_FUNCTION = YES;
				GCC_WARN_UNUSED_VARIABLE = YES;
				IPHONEOS_DEPLOYMENT_TARGET = 8.1;
				MTL_ENABLE_DEBUG_INFO = YES;
				ONLY_ACTIVE_ARCH = YES;
				SDKROOT = iphoneos;
			};
			name = Debug;
		};
		CDB543421BD77BE0001D6755 /* Release */ = {
			isa = XCBuildConfiguration;
			buildSettings = {
				ALWAYS_SEARCH_USER_PATHS = NO;
				CLANG_CXX_LANGUAGE_STANDARD = "gnu++0x";
				CLANG_CXX_LIBRARY = "libc++";
				CLANG_ENABLE_MODULES = YES;
				CLANG_ENABLE_OBJC_ARC = YES;
				CLANG_WARN_BOOL_CONVERSION = YES;
				CLANG_WARN_CONSTANT_CONVERSION = YES;
				CLANG_WARN_DIRECT_OBJC_ISA_USAGE = YES_ERROR;
				CLANG_WARN_EMPTY_BODY = YES;
				CLANG_WARN_ENUM_CONVERSION = YES;
				CLANG_WARN_INT_CONVERSION = YES;
				CLANG_WARN_OBJC_ROOT_CLASS = YES_ERROR;
				CLANG_WARN_UNREACHABLE_CODE = YES;
				CLANG_WARN__DUPLICATE_METHOD_MATCH = YES;
				"CODE_SIGN_IDENTITY[sdk=iphoneos*]" = "iPhone Developer";
				COPY_PHASE_STRIP = YES;
				ENABLE_NS_ASSERTIONS = NO;
				ENABLE_STRICT_OBJC_MSGSEND = YES;
				GCC_C_LANGUAGE_STANDARD = gnu99;
				GCC_WARN_64_TO_32_BIT_CONVERSION = YES;
				GCC_WARN_ABOUT_RETURN_TYPE = YES_ERROR;
				GCC_WARN_UNDECLARED_SELECTOR = YES;
				GCC_WARN_UNINITIALIZED_AUTOS = YES_AGGRESSIVE;
				GCC_WARN_UNUSED_FUNCTION = YES;
				GCC_WARN_UNUSED_VARIABLE = YES;
				IPHONEOS_DEPLOYMENT_TARGET = 8.1;
				MTL_ENABLE_DEBUG_INFO = NO;
				SDKROOT = iphoneos;
				VALIDATE_PRODUCT = YES;
			};
			name = Release;
		};
		CDB543441BD77BE0001D6755 /* Debug */ = {
			isa = XCBuildConfiguration;
			buildSettings = {
				ASSETCATALOG_COMPILER_APPICON_NAME = AppIcon;
				INFOPLIST_FILE = SkyHunter/Info.plist;
				LD_RUNPATH_SEARCH_PATHS = "$(inherited) @executable_path/Frameworks";
				PRODUCT_NAME = "$(TARGET_NAME)";
			};
			name = Debug;
		};
		CDB543451BD77BE0001D6755 /* Release */ = {
			isa = XCBuildConfiguration;
			buildSettings = {
				ASSETCATALOG_COMPILER_APPICON_NAME = AppIcon;
				INFOPLIST_FILE = SkyHunter/Info.plist;
				LD_RUNPATH_SEARCH_PATHS = "$(inherited) @executable_path/Frameworks";
				PRODUCT_NAME = "$(TARGET_NAME)";
			};
			name = Release;
		};
		CDB543471BD77BE0001D6755 /* Debug */ = {
			isa = XCBuildConfiguration;
			buildSettings = {
				BUNDLE_LOADER = "$(TEST_HOST)";
				FRAMEWORK_SEARCH_PATHS = (
					"$(SDKROOT)/Developer/Library/Frameworks",
					"$(inherited)",
				);
				GCC_PREPROCESSOR_DEFINITIONS = (
					"DEBUG=1",
					"$(inherited)",
				);
				INFOPLIST_FILE = SkyHunterTests/Info.plist;
				LD_RUNPATH_SEARCH_PATHS = "$(inherited) @executable_path/Frameworks @loader_path/Frameworks";
				PRODUCT_NAME = "$(TARGET_NAME)";
				TEST_HOST = "$(BUILT_PRODUCTS_DIR)/SkyHunter.app/SkyHunter";
			};
			name = Debug;
		};
		CDB543481BD77BE0001D6755 /* Release */ = {
			isa = XCBuildConfiguration;
			buildSettings = {
				BUNDLE_LOADER = "$(TEST_HOST)";
				FRAMEWORK_SEARCH_PATHS = (
					"$(SDKROOT)/Developer/Library/Frameworks",
					"$(inherited)",
				);
				INFOPLIST_FILE = SkyHunterTests/Info.plist;
				LD_RUNPATH_SEARCH_PATHS = "$(inherited) @executable_path/Frameworks @loader_path/Frameworks";
				PRODUCT_NAME = "$(TARGET_NAME)";
				TEST_HOST = "$(BUILT_PRODUCTS_DIR)/SkyHunter.app/SkyHunter";
			};
			name = Release;
		};
/* End XCBuildConfiguration section */

/* Begin XCConfigurationList section */
		CDB5431B1BD77BE0001D6755 /* Build configuration list for PBXProject "SkyHunter" */ = {
			isa = XCConfigurationList;
			buildConfigurations = (
				CDB543411BD77BE0001D6755 /* Debug */,
				CDB543421BD77BE0001D6755 /* Release */,
			);
			defaultConfigurationIsVisible = 0;
			defaultConfigurationName = Release;
		};
		CDB543431BD77BE0001D6755 /* Build configuration list for PBXNativeTarget "SkyHunter" */ = {
			isa = XCConfigurationList;
			buildConfigurations = (
				CDB543441BD77BE0001D6755 /* Debug */,
				CDB543451BD77BE0001D6755 /* Release */,
			);
			defaultConfigurationIsVisible = 0;
			defaultConfigurationName = Release;
		};
		CDB543461BD77BE0001D6755 /* Build configuration list for PBXNativeTarget "SkyHunterTests" */ = {
			isa = XCConfigurationList;
			buildConfigurations = (
				CDB543471BD77BE0001D6755 /* Debug */,
				CDB543481BD77BE0001D6755 /* Release */,
			);
			defaultConfigurationIsVisible = 0;
			defaultConfigurationName = Release;
		};
/* End XCConfigurationList section */
	};
	rootObject = CDB543181BD77BE0001D6755 /* Project object */;
}
